Microsoft Visual Studio Solution File, Format Version 12.00
Project("{FF286327-C783-4F7A-AB73-9BCBAD0D4460}") = "JustinWritesCodeSdk", "JustinWritesCodeSdk.nuproj", "{F1F5535C-C509-48FE-BD62-6A747B62DC16}"
EndProject
Global
	GlobalSection(SolutionConfigurationPlatforms) = preSolution
		Debug|Any CPU = Debug|Any CPU
		Release|Any CPU = Release|Any CPU
	EndGlobalSection
	GlobalSection(ProjectConfigurationPlatforms) = postSolution
		{F1F5535C-C509-48FE-BD62-6A747B62DC16}.Debug|Any CPU.ActiveCfg = Debug|Any CPU
		{F1F5535C-C509-48FE-BD62-6A747B62DC16}.Debug|Any CPU.Build.0 = Debug|Any CPU
		{F1F5535C-C509-48FE-BD62-6A747B62DC16}.Release|Any CPU.ActiveCfg = Release|Any CPU
		{F1F5535C-C509-48FE-BD62-6A747B62DC16}.Release|Any CPU.Build.0 = Release|Any CPU
	EndGlobalSection
	GlobalSection(SolutionProperties) = preSolution
		HideSolutionNode = FALSE
	EndGlobalSection
	GlobalSection(ExtensibilityGlobals) = postSolution
		SolutionGuid = {4FEAAAC9-80C5-42F3-812D-79AB30A6CF8E}
	EndGlobalSection
EndGlobal
